
Microsoft Visual Studio Solution File, Format Version 12.00
# Visual Studio Version 16
VisualStudioVersion = 16.0.30104.148
MinimumVisualStudioVersion = 10.0.40219.1
Project("{9A19103F-16F7-4668-BE54-9A1E7A4F7556}") = "GEM.PowerPlant.Api", "source\GEM.PowerPlant.Api\GEM.PowerPlant.Api.csproj", "{FECE4095-3B3E-4660-8909-1ED64460D91A}"
EndProject
Project("{FAE04EC0-301F-11D3-BF4B-00C04F79EFBC}") = "GEM.PowerPlant.Api.Tests", "tests\GEM.PowerPlant.Api.Tests\GEM.PowerPlant.Api.Tests.csproj", "{35158831-BD29-46D0-8775-40E4A28780C3}"
EndProject
Project("{E53339B2-1760-4266-BCC7-CA923CBCF16C}") = "docker-compose", "docker-compose.dcproj", "{737F4233-9C8D-457F-B297-E45CF1D97503}"
EndProject
Global
	GlobalSection(SolutionConfigurationPlatforms) = preSolution
		Debug|Any CPU = Debug|Any CPU
		Release|Any CPU = Release|Any CPU
	EndGlobalSection
	GlobalSection(ProjectConfigurationPlatforms) = postSolution
		{FECE4095-3B3E-4660-8909-1ED64460D91A}.Debug|Any CPU.ActiveCfg = Debug|Any CPU
		{FECE4095-3B3E-4660-8909-1ED64460D91A}.Debug|Any CPU.Build.0 = Debug|Any CPU
		{FECE4095-3B3E-4660-8909-1ED64460D91A}.Release|Any CPU.ActiveCfg = Release|Any CPU
		{FECE4095-3B3E-4660-8909-1ED64460D91A}.Release|Any CPU.Build.0 = Release|Any CPU
		{35158831-BD29-46D0-8775-40E4A28780C3}.Debug|Any CPU.ActiveCfg = Debug|Any CPU
		{35158831-BD29-46D0-8775-40E4A28780C3}.Debug|Any CPU.Build.0 = Debug|Any CPU
		{35158831-BD29-46D0-8775-40E4A28780C3}.Release|Any CPU.ActiveCfg = Release|Any CPU
		{35158831-BD29-46D0-8775-40E4A28780C3}.Release|Any CPU.Build.0 = Release|Any CPU
		{737F4233-9C8D-457F-B297-E45CF1D97503}.Debug|Any CPU.ActiveCfg = Debug|Any CPU
		{737F4233-9C8D-457F-B297-E45CF1D97503}.Debug|Any CPU.Build.0 = Debug|Any CPU
		{737F4233-9C8D-457F-B297-E45CF1D97503}.Release|Any CPU.ActiveCfg = Release|Any CPU
		{737F4233-9C8D-457F-B297-E45CF1D97503}.Release|Any CPU.Build.0 = Release|Any CPU
	EndGlobalSection
	GlobalSection(SolutionProperties) = preSolution
		HideSolutionNode = FALSE
	EndGlobalSection
	GlobalSection(ExtensibilityGlobals) = postSolution
		SolutionGuid = {5191F3A3-45A5-4774-B9E6-E7991865D186}
	EndGlobalSection
EndGlobal
